
Microsoft Visual Studio Solution File, Format Version 12.00
# Visual Studio 2012
Project("{FAE04EC0-301F-11D3-BF4B-00C04F79EFBC}") = "mindmapapp", "mindmapapp\mindmapapp.csproj", "{7B48A1B5-FD63-41DC-8D66-8D33F49CFD67}"
EndProject
Global
	GlobalSection(SolutionConfigurationPlatforms) = preSolution
		Debug|ARM = Debug|ARM
		Debug|Any CPU = Debug|Any CPU
		Debug|x64 = Debug|x64
		Debug|x86 = Debug|x86
		Release|ARM = Release|ARM
		Release|Any CPU = Release|Any CPU
		Release|x64 = Release|x64
		Release|x86 = Release|x86
	EndGlobalSection
	GlobalSection(ProjectConfigurationPlatforms) = postSolution
		{7B48A1B5-FD63-41DC-8D66-8D33F49CFD67}.Debug|ARM.ActiveCfg = Debug|ARM
		{7B48A1B5-FD63-41DC-8D66-8D33F49CFD67}.Debug|ARM.Build.0 = Debug|ARM
		{7B48A1B5-FD63-41DC-8D66-8D33F49CFD67}.Debug|ARM.Deploy.0 = Debug|ARM
		{7B48A1B5-FD63-41DC-8D66-8D33F49CFD67}.Debug|Any CPU.ActiveCfg = Debug|Any CPU
		{7B48A1B5-FD63-41DC-8D66-8D33F49CFD67}.Debug|Any CPU.Build.0 = Debug|Any CPU
		{7B48A1B5-FD63-41DC-8D66-8D33F49CFD67}.Debug|Any CPU.Deploy.0 = Debug|Any CPU
		{7B48A1B5-FD63-41DC-8D66-8D33F49CFD67}.Debug|x64.ActiveCfg = Debug|x64
		{7B48A1B5-FD63-41DC-8D66-8D33F49CFD67}.Debug|x64.Build.0 = Debug|x64
		{7B48A1B5-FD63-41DC-8D66-8D33F49CFD67}.Debug|x64.Deploy.0 = Debug|x64
		{7B48A1B5-FD63-41DC-8D66-8D33F49CFD67}.Debug|x86.ActiveCfg = Debug|x86
		{7B48A1B5-FD63-41DC-8D66-8D33F49CFD67}.Debug|x86.Build.0 = Debug|x86
		{7B48A1B5-FD63-41DC-8D66-8D33F49CFD67}.Debug|x86.Deploy.0 = Debug|x86
		{7B48A1B5-FD63-41DC-8D66-8D33F49CFD67}.Release|ARM.ActiveCfg = Release|ARM
		{7B48A1B5-FD63-41DC-8D66-8D33F49CFD67}.Release|ARM.Build.0 = Release|ARM
		{7B48A1B5-FD63-41DC-8D66-8D33F49CFD67}.Release|ARM.Deploy.0 = Release|ARM
		{7B48A1B5-FD63-41DC-8D66-8D33F49CFD67}.Release|Any CPU.ActiveCfg = Release|Any CPU
		{7B48A1B5-FD63-41DC-8D66-8D33F49CFD67}.Release|Any CPU.Build.0 = Release|Any CPU
		{7B48A1B5-FD63-41DC-8D66-8D33F49CFD67}.Release|Any CPU.Deploy.0 = Release|Any CPU
		{7B48A1B5-FD63-41DC-8D66-8D33F49CFD67}.Release|x64.ActiveCfg = Release|x64
		{7B48A1B5-FD63-41DC-8D66-8D33F49CFD67}.Release|x64.Build.0 = Release|x64
		{7B48A1B5-FD63-41DC-8D66-8D33F49CFD67}.Release|x64.Deploy.0 = Release|x64
		{7B48A1B5-FD63-41DC-8D66-8D33F49CFD67}.Release|x86.ActiveCfg = Release|x86
		{7B48A1B5-FD63-41DC-8D66-8D33F49CFD67}.Release|x86.Build.0 = Release|x86
		{7B48A1B5-FD63-41DC-8D66-8D33F49CFD67}.Release|x86.Deploy.0 = Release|x86
	EndGlobalSection
	GlobalSection(SolutionProperties) = preSolution
		HideSolutionNode = FALSE
	EndGlobalSection
EndGlobal
